{
  "name": "@thzero/library_server_syslog",
  "version": "0.10.10",
  "lockfileVersion": 1,
  "requires": true,
  "dependencies": {
    "@thzero/library_cli": {
      "version": "0.7.4",
      "resolved": "https://registry.npmjs.org/@thzero/library_cli/-/library_cli-0.7.4.tgz",
      "integrity": "sha512-xCVaUONYCCutw5Ko0+v2Vq1pyJ4XPXlzDgl+GxbFPRSCX4MxTld/RDjQexMnkDvt6/zi1ldnqylE/dqWY/IbdQ==",
      "dev": true,
      "requires": {
        "dayjs": "^1.8.33",
        "dayjs-plugin-utc": "^0.1.2",
        "esm": "^3.2.25",
        "minimist": "^1.2.5",
        "short-uuid": "^3.1.1"
      }
    },
    "any-base": {
      "version": "1.1.0",
      "resolved": "https://registry.npmjs.org/any-base/-/any-base-1.1.0.tgz",
      "integrity": "sha512-uMgjozySS8adZZYePpaWs8cxB9/kdzmpX6SgJZ+wbz1K5eYk5QMYDVJaZKhxyIHUdnnJkfR7SVgStgH7LkGUyg==",
      "dev": true
    },
    "dayjs": {
      "version": "1.8.36",
      "resolved": "https://registry.npmjs.org/dayjs/-/dayjs-1.8.36.tgz",
      "integrity": "sha512-3VmRXEtw7RZKAf+4Tv1Ym9AGeo8r8+CjDi26x+7SYQil1UqtqdaokhzoEJohqlzt0m5kacJSDhJQkG/LWhpRBw==",
      "dev": true
    },
    "dayjs-plugin-utc": {
      "version": "0.1.2",
      "resolved": "https://registry.npmjs.org/dayjs-plugin-utc/-/dayjs-plugin-utc-0.1.2.tgz",
      "integrity": "sha512-ExERH5o3oo6jFOdkvMP3gytTCQ9Ksi5PtylclJWghr7k7m3o2U5QrwtdiJkOxLOH4ghr0EKhpqGefzGz1VvVJg==",
      "dev": true
    },
    "esm": {
      "version": "3.2.25",
      "resolved": "https://registry.npmjs.org/esm/-/esm-3.2.25.tgz",
      "integrity": "sha512-U1suiZ2oDVWv4zPO56S0NcR5QriEahGtdN2OR6FiOG4WJvcjBVFB0qI4+eKoWFH483PKGuLuu6V8Z4T5g63UVA=="
    },
    "minimist": {
      "version": "1.2.5",
      "resolved": "https://registry.npmjs.org/minimist/-/minimist-1.2.5.tgz",
      "integrity": "sha512-FM9nNUYrRBAELZQT3xeZQ7fmMOBg6nWNmJKTcgsJeaLstP/UODVpGsr5OhXhhXg6f+qtJ8uiZ+PUxkDWcgIXLw==",
      "dev": true
    },
    "short-uuid": {
      "version": "3.1.1",
      "resolved": "https://registry.npmjs.org/short-uuid/-/short-uuid-3.1.1.tgz",
      "integrity": "sha512-7dI69xtJYpTIbg44R6JSgrbDtZFuZ9vAwwmnF/L0PinykbFrhQ7V8omKsQcVw1TP0nYJ7uQp1PN6/aVMkzQFGQ==",
      "dev": true,
      "requires": {
        "any-base": "^1.1.0",
        "uuid": "^3.3.2"
      }
    },
    "syslog-server": {
      "version": "1.0.1",
      "resolved": "https://registry.npmjs.org/syslog-server/-/syslog-server-1.0.1.tgz",
      "integrity": "sha512-glm2z2dsewPUIpKnc9OQkUnQMNY+NsZT324bypMokAnwpWgb9/kzqq6p+Fsj3v0xlC+G3ubM70X/vzYPy1Yx6Q=="
    },
    "uuid": {
      "version": "3.4.0",
      "resolved": "https://registry.npmjs.org/uuid/-/uuid-3.4.0.tgz",
      "integrity": "sha512-HjSDRw6gZE5JMggctHBcjVak08+KEVhSIiDzFnT9S9aegmp85S/bReBVTb4QTFaRNptJ9kuYaNhnbNEOkbKb/A==",
      "dev": true
    }
  }
}
